
Microsoft Visual Studio Solution File, Format Version 12.00
# Visual Studio Version 17
VisualStudioVersion = 17.5.33312.197
MinimumVisualStudioVersion = 10.0.40219.1
Project("{FAE04EC0-301F-11D3-BF4B-00C04F79EFBC}") = "YT.UWP", "YT\YT.UWP\YT.UWP.csproj", "{018AC783-6D99-4676-AAB2-E232F24C91DF}"
EndProject
Project("{FAE04EC0-301F-11D3-BF4B-00C04F79EFBC}") = "YT.Android", "YT\YT.Android\YT.Android.csproj", "{28BCD5EF-D87D-47AC-BAD7-77010D117139}"
EndProject
Project("{FAE04EC0-301F-11D3-BF4B-00C04F79EFBC}") = "YT.iOS", "YT\YT.iOS\YT.iOS.csproj", "{B8028A5C-D092-41FE-AA50-4E8E58A5EDFB}"
EndProject
Project("{FAE04EC0-301F-11D3-BF4B-00C04F79EFBC}") = "YT", "YT\YT\YT.csproj", "{D7B12195-9D5B-438E-8C97-2EE741F94A61}"
EndProject
Global
	GlobalSection(SolutionConfigurationPlatforms) = preSolution
		Debug|Any CPU = Debug|Any CPU
		Debug|ARM = Debug|ARM
		Debug|iPhone = Debug|iPhone
		Debug|iPhoneSimulator = Debug|iPhoneSimulator
		Debug|x64 = Debug|x64
		Debug|x86 = Debug|x86
		Release|Any CPU = Release|Any CPU
		Release|ARM = Release|ARM
		Release|iPhone = Release|iPhone
		Release|iPhoneSimulator = Release|iPhoneSimulator
		Release|x64 = Release|x64
		Release|x86 = Release|x86
	EndGlobalSection
	GlobalSection(ProjectConfigurationPlatforms) = postSolution
		{018AC783-6D99-4676-AAB2-E232F24C91DF}.Debug|Any CPU.ActiveCfg = Debug|x64
		{018AC783-6D99-4676-AAB2-E232F24C91DF}.Debug|Any CPU.Build.0 = Debug|x64
		{018AC783-6D99-4676-AAB2-E232F24C91DF}.Debug|Any CPU.Deploy.0 = Debug|x64
		{018AC783-6D99-4676-AAB2-E232F24C91DF}.Debug|ARM.ActiveCfg = Debug|ARM
		{018AC783-6D99-4676-AAB2-E232F24C91DF}.Debug|ARM.Build.0 = Debug|ARM
		{018AC783-6D99-4676-AAB2-E232F24C91DF}.Debug|ARM.Deploy.0 = Debug|ARM
		{018AC783-6D99-4676-AAB2-E232F24C91DF}.Debug|iPhone.ActiveCfg = Debug|x64
		{018AC783-6D99-4676-AAB2-E232F24C91DF}.Debug|iPhone.Build.0 = Debug|x64
		{018AC783-6D99-4676-AAB2-E232F24C91DF}.Debug|iPhone.Deploy.0 = Debug|x64
		{018AC783-6D99-4676-AAB2-E232F24C91DF}.Debug|iPhoneSimulator.ActiveCfg = Debug|x64
		{018AC783-6D99-4676-AAB2-E232F24C91DF}.Debug|iPhoneSimulator.Build.0 = Debug|x64
		{018AC783-6D99-4676-AAB2-E232F24C91DF}.Debug|iPhoneSimulator.Deploy.0 = Debug|x64
		{018AC783-6D99-4676-AAB2-E232F24C91DF}.Debug|x64.ActiveCfg = Debug|x64
		{018AC783-6D99-4676-AAB2-E232F24C91DF}.Debug|x64.Build.0 = Debug|x64
		{018AC783-6D99-4676-AAB2-E232F24C91DF}.Debug|x64.Deploy.0 = Debug|x64
		{018AC783-6D99-4676-AAB2-E232F24C91DF}.Debug|x86.ActiveCfg = Debug|x86
		{018AC783-6D99-4676-AAB2-E232F24C91DF}.Debug|x86.Build.0 = Debug|x86
		{018AC783-6D99-4676-AAB2-E232F24C91DF}.Debug|x86.Deploy.0 = Debug|x86
		{018AC783-6D99-4676-AAB2-E232F24C91DF}.Release|Any CPU.ActiveCfg = Release|x64
		{018AC783-6D99-4676-AAB2-E232F24C91DF}.Release|Any CPU.Build.0 = Release|x64
		{018AC783-6D99-4676-AAB2-E232F24C91DF}.Release|Any CPU.Deploy.0 = Release|x64
		{018AC783-6D99-4676-AAB2-E232F24C91DF}.Release|ARM.ActiveCfg = Release|ARM
		{018AC783-6D99-4676-AAB2-E232F24C91DF}.Release|ARM.Build.0 = Release|ARM
		{018AC783-6D99-4676-AAB2-E232F24C91DF}.Release|ARM.Deploy.0 = Release|ARM
		{018AC783-6D99-4676-AAB2-E232F24C91DF}.Release|iPhone.ActiveCfg = Release|x64
		{018AC783-6D99-4676-AAB2-E232F24C91DF}.Release|iPhone.Build.0 = Release|x64
		{018AC783-6D99-4676-AAB2-E232F24C91DF}.Release|iPhone.Deploy.0 = Release|x64
		{018AC783-6D99-4676-AAB2-E232F24C91DF}.Release|iPhoneSimulator.ActiveCfg = Release|x64
		{018AC783-6D99-4676-AAB2-E232F24C91DF}.Release|iPhoneSimulator.Build.0 = Release|x64
		{018AC783-6D99-4676-AAB2-E232F24C91DF}.Release|iPhoneSimulator.Deploy.0 = Release|x64
		{018AC783-6D99-4676-AAB2-E232F24C91DF}.Release|x64.ActiveCfg = Release|x64
		{018AC783-6D99-4676-AAB2-E232F24C91DF}.Release|x64.Build.0 = Release|x64
		{018AC783-6D99-4676-AAB2-E232F24C91DF}.Release|x64.Deploy.0 = Release|x64
		{018AC783-6D99-4676-AAB2-E232F24C91DF}.Release|x86.ActiveCfg = Release|x86
		{018AC783-6D99-4676-AAB2-E232F24C91DF}.Release|x86.Build.0 = Release|x86
		{018AC783-6D99-4676-AAB2-E232F24C91DF}.Release|x86.Deploy.0 = Release|x86
		{28BCD5EF-D87D-47AC-BAD7-77010D117139}.Debug|Any CPU.ActiveCfg = Debug|Any CPU
		{28BCD5EF-D87D-47AC-BAD7-77010D117139}.Debug|Any CPU.Build.0 = Debug|Any CPU
		{28BCD5EF-D87D-47AC-BAD7-77010D117139}.Debug|Any CPU.Deploy.0 = Debug|Any CPU
		{28BCD5EF-D87D-47AC-BAD7-77010D117139}.Debug|ARM.ActiveCfg = Debug|Any CPU
		{28BCD5EF-D87D-47AC-BAD7-77010D117139}.Debug|ARM.Build.0 = Debug|Any CPU
		{28BCD5EF-D87D-47AC-BAD7-77010D117139}.Debug|ARM.Deploy.0 = Debug|Any CPU
		{28BCD5EF-D87D-47AC-BAD7-77010D117139}.Debug|iPhone.ActiveCfg = Debug|Any CPU
		{28BCD5EF-D87D-47AC-BAD7-77010D117139}.Debug|iPhone.Build.0 = Debug|Any CPU
		{28BCD5EF-D87D-47AC-BAD7-77010D117139}.Debug|iPhone.Deploy.0 = Debug|Any CPU
		{28BCD5EF-D87D-47AC-BAD7-77010D117139}.Debug|iPhoneSimulator.ActiveCfg = Debug|Any CPU
		{28BCD5EF-D87D-47AC-BAD7-77010D117139}.Debug|iPhoneSimulator.Build.0 = Debug|Any CPU
		{28BCD5EF-D87D-47AC-BAD7-77010D117139}.Debug|iPhoneSimulator.Deploy.0 = Debug|Any CPU
		{28BCD5EF-D87D-47AC-BAD7-77010D117139}.Debug|x64.ActiveCfg = Debug|Any CPU
		{28BCD5EF-D87D-47AC-BAD7-77010D117139}.Debug|x64.Build.0 = Debug|Any CPU
		{28BCD5EF-D87D-47AC-BAD7-77010D117139}.Debug|x64.Deploy.0 = Debug|Any CPU
		{28BCD5EF-D87D-47AC-BAD7-77010D117139}.Debug|x86.ActiveCfg = Debug|Any CPU
		{28BCD5EF-D87D-47AC-BAD7-77010D117139}.Debug|x86.Build.0 = Debug|Any CPU
		{28BCD5EF-D87D-47AC-BAD7-77010D117139}.Debug|x86.Deploy.0 = Debug|Any CPU
		{28BCD5EF-D87D-47AC-BAD7-77010D117139}.Release|Any CPU.ActiveCfg = Release|Any CPU
		{28BCD5EF-D87D-47AC-BAD7-77010D117139}.Release|Any CPU.Build.0 = Release|Any CPU
		{28BCD5EF-D87D-47AC-BAD7-77010D117139}.Release|Any CPU.Deploy.0 = Release|Any CPU
		{28BCD5EF-D87D-47AC-BAD7-77010D117139}.Release|ARM.ActiveCfg = Release|Any CPU
		{28BCD5EF-D87D-47AC-BAD7-77010D117139}.Release|ARM.Build.0 = Release|Any CPU
		{28BCD5EF-D87D-47AC-BAD7-77010D117139}.Release|ARM.Deploy.0 = Release|Any CPU
		{28BCD5EF-D87D-47AC-BAD7-77010D117139}.Release|iPhone.ActiveCfg = Release|Any CPU
		{28BCD5EF-D87D-47AC-BAD7-77010D117139}.Release|iPhone.Build.0 = Release|Any CPU
		{28BCD5EF-D87D-47AC-BAD7-77010D117139}.Release|iPhone.Deploy.0 = Release|Any CPU
		{28BCD5EF-D87D-47AC-BAD7-77010D117139}.Release|iPhoneSimulator.ActiveCfg = Release|Any CPU
		{28BCD5EF-D87D-47AC-BAD7-77010D117139}.Release|iPhoneSimulator.Build.0 = Release|Any CPU
		{28BCD5EF-D87D-47AC-BAD7-77010D117139}.Release|iPhoneSimulator.Deploy.0 = Release|Any CPU
		{28BCD5EF-D87D-47AC-BAD7-77010D117139}.Release|x64.ActiveCfg = Release|Any CPU
		{28BCD5EF-D87D-47AC-BAD7-77010D117139}.Release|x64.Build.0 = Release|Any CPU
		{28BCD5EF-D87D-47AC-BAD7-77010D117139}.Release|x64.Deploy.0 = Release|Any CPU
		{28BCD5EF-D87D-47AC-BAD7-77010D117139}.Release|x86.ActiveCfg = Release|Any CPU
		{28BCD5EF-D87D-47AC-BAD7-77010D117139}.Release|x86.Build.0 = Release|Any CPU
		{28BCD5EF-D87D-47AC-BAD7-77010D117139}.Release|x86.Deploy.0 = Release|Any CPU
		{B8028A5C-D092-41FE-AA50-4E8E58A5EDFB}.Debug|Any CPU.ActiveCfg = Debug|iPhoneSimulator
		{B8028A5C-D092-41FE-AA50-4E8E58A5EDFB}.Debug|Any CPU.Build.0 = Debug|iPhoneSimulator
		{B8028A5C-D092-41FE-AA50-4E8E58A5EDFB}.Debug|Any CPU.Deploy.0 = Debug|iPhoneSimulator
		{B8028A5C-D092-41FE-AA50-4E8E58A5EDFB}.Debug|ARM.ActiveCfg = Debug|iPhoneSimulator
		{B8028A5C-D092-41FE-AA50-4E8E58A5EDFB}.Debug|ARM.Build.0 = Debug|iPhoneSimulator
		{B8028A5C-D092-41FE-AA50-4E8E58A5EDFB}.Debug|ARM.Deploy.0 = Debug|iPhoneSimulator
		{B8028A5C-D092-41FE-AA50-4E8E58A5EDFB}.Debug|iPhone.ActiveCfg = Debug|iPhone
		{B8028A5C-D092-41FE-AA50-4E8E58A5EDFB}.Debug|iPhone.Build.0 = Debug|iPhone
		{B8028A5C-D092-41FE-AA50-4E8E58A5EDFB}.Debug|iPhone.Deploy.0 = Debug|iPhone
		{B8028A5C-D092-41FE-AA50-4E8E58A5EDFB}.Debug|iPhoneSimulator.ActiveCfg = Debug|iPhoneSimulator
		{B8028A5C-D092-41FE-AA50-4E8E58A5EDFB}.Debug|iPhoneSimulator.Build.0 = Debug|iPhoneSimulator
		{B8028A5C-D092-41FE-AA50-4E8E58A5EDFB}.Debug|iPhoneSimulator.Deploy.0 = Debug|iPhoneSimulator
		{B8028A5C-D092-41FE-AA50-4E8E58A5EDFB}.Debug|x64.ActiveCfg = Debug|iPhone
		{B8028A5C-D092-41FE-AA50-4E8E58A5EDFB}.Debug|x64.Build.0 = Debug|iPhone
		{B8028A5C-D092-41FE-AA50-4E8E58A5EDFB}.Debug|x64.Deploy.0 = Debug|iPhone
		{B8028A5C-D092-41FE-AA50-4E8E58A5EDFB}.Debug|x86.ActiveCfg = Debug|iPhoneSimulator
		{B8028A5C-D092-41FE-AA50-4E8E58A5EDFB}.Debug|x86.Build.0 = Debug|iPhoneSimulator
		{B8028A5C-D092-41FE-AA50-4E8E58A5EDFB}.Debug|x86.Deploy.0 = Debug|iPhoneSimulator
		{B8028A5C-D092-41FE-AA50-4E8E58A5EDFB}.Release|Any CPU.ActiveCfg = Release|iPhoneSimulator
		{B8028A5C-D092-41FE-AA50-4E8E58A5EDFB}.Release|Any CPU.Build.0 = Release|iPhoneSimulator
		{B8028A5C-D092-41FE-AA50-4E8E58A5EDFB}.Release|Any CPU.Deploy.0 = Release|iPhoneSimulator
		{B8028A5C-D092-41FE-AA50-4E8E58A5EDFB}.Release|ARM.ActiveCfg = Release|iPhoneSimulator
		{B8028A5C-D092-41FE-AA50-4E8E58A5EDFB}.Release|ARM.Build.0 = Release|iPhoneSimulator
		{B8028A5C-D092-41FE-AA50-4E8E58A5EDFB}.Release|ARM.Deploy.0 = Release|iPhoneSimulator
		{B8028A5C-D092-41FE-AA50-4E8E58A5EDFB}.Release|iPhone.ActiveCfg = Release|iPhone
		{B8028A5C-D092-41FE-AA50-4E8E58A5EDFB}.Release|iPhone.Build.0 = Release|iPhone
		{B8028A5C-D092-41FE-AA50-4E8E58A5EDFB}.Release|iPhone.Deploy.0 = Release|iPhone
		{B8028A5C-D092-41FE-AA50-4E8E58A5EDFB}.Release|iPhoneSimulator.ActiveCfg = Release|iPhoneSimulator
		{B8028A5C-D092-41FE-AA50-4E8E58A5EDFB}.Release|iPhoneSimulator.Build.0 = Release|iPhoneSimulator
		{B8028A5C-D092-41FE-AA50-4E8E58A5EDFB}.Release|iPhoneSimulator.Deploy.0 = Release|iPhoneSimulator
		{B8028A5C-D092-41FE-AA50-4E8E58A5EDFB}.Release|x64.ActiveCfg = Release|iPhoneSimulator
		{B8028A5C-D092-41FE-AA50-4E8E58A5EDFB}.Release|x64.Build.0 = Release|iPhoneSimulator
		{B8028A5C-D092-41FE-AA50-4E8E58A5EDFB}.Release|x64.Deploy.0 = Release|iPhoneSimulator
		{B8028A5C-D092-41FE-AA50-4E8E58A5EDFB}.Release|x86.ActiveCfg = Release|iPhoneSimulator
		{B8028A5C-D092-41FE-AA50-4E8E58A5EDFB}.Release|x86.Build.0 = Release|iPhoneSimulator
		{B8028A5C-D092-41FE-AA50-4E8E58A5EDFB}.Release|x86.Deploy.0 = Release|iPhoneSimulator
		{D7B12195-9D5B-438E-8C97-2EE741F94A61}.Debug|Any CPU.ActiveCfg = Debug|Any CPU
		{D7B12195-9D5B-438E-8C97-2EE741F94A61}.Debug|Any CPU.Build.0 = Debug|Any CPU
		{D7B12195-9D5B-438E-8C97-2EE741F94A61}.Debug|Any CPU.Deploy.0 = Debug|Any CPU
		{D7B12195-9D5B-438E-8C97-2EE741F94A61}.Debug|ARM.ActiveCfg = Debug|Any CPU
		{D7B12195-9D5B-438E-8C97-2EE741F94A61}.Debug|ARM.Build.0 = Debug|Any CPU
		{D7B12195-9D5B-438E-8C97-2EE741F94A61}.Debug|ARM.Deploy.0 = Debug|Any CPU
		{D7B12195-9D5B-438E-8C97-2EE741F94A61}.Debug|iPhone.ActiveCfg = Debug|Any CPU
		{D7B12195-9D5B-438E-8C97-2EE741F94A61}.Debug|iPhone.Build.0 = Debug|Any CPU
		{D7B12195-9D5B-438E-8C97-2EE741F94A61}.Debug|iPhone.Deploy.0 = Debug|Any CPU
		{D7B12195-9D5B-438E-8C97-2EE741F94A61}.Debug|iPhoneSimulator.ActiveCfg = Debug|Any CPU
		{D7B12195-9D5B-438E-8C97-2EE741F94A61}.Debug|iPhoneSimulator.Build.0 = Debug|Any CPU
		{D7B12195-9D5B-438E-8C97-2EE741F94A61}.Debug|iPhoneSimulator.Deploy.0 = Debug|Any CPU
		{D7B12195-9D5B-438E-8C97-2EE741F94A61}.Debug|x64.ActiveCfg = Debug|Any CPU
		{D7B12195-9D5B-438E-8C97-2EE741F94A61}.Debug|x64.Build.0 = Debug|Any CPU
		{D7B12195-9D5B-438E-8C97-2EE741F94A61}.Debug|x64.Deploy.0 = Debug|Any CPU
		{D7B12195-9D5B-438E-8C97-2EE741F94A61}.Debug|x86.ActiveCfg = Debug|Any CPU
		{D7B12195-9D5B-438E-8C97-2EE741F94A61}.Debug|x86.Build.0 = Debug|Any CPU
		{D7B12195-9D5B-438E-8C97-2EE741F94A61}.Debug|x86.Deploy.0 = Debug|Any CPU
		{D7B12195-9D5B-438E-8C97-2EE741F94A61}.Release|Any CPU.ActiveCfg = Release|Any CPU
		{D7B12195-9D5B-438E-8C97-2EE741F94A61}.Release|Any CPU.Build.0 = Release|Any CPU
		{D7B12195-9D5B-438E-8C97-2EE741F94A61}.Release|Any CPU.Deploy.0 = Release|Any CPU
		{D7B12195-9D5B-438E-8C97-2EE741F94A61}.Release|ARM.ActiveCfg = Release|Any CPU
		{D7B12195-9D5B-438E-8C97-2EE741F94A61}.Release|ARM.Build.0 = Release|Any CPU
		{D7B12195-9D5B-438E-8C97-2EE741F94A61}.Release|ARM.Deploy.0 = Release|Any CPU
		{D7B12195-9D5B-438E-8C97-2EE741F94A61}.Release|iPhone.ActiveCfg = Release|Any CPU
		{D7B12195-9D5B-438E-8C97-2EE741F94A61}.Release|iPhone.Build.0 = Release|Any CPU
		{D7B12195-9D5B-438E-8C97-2EE741F94A61}.Release|iPhone.Deploy.0 = Release|Any CPU
		{D7B12195-9D5B-438E-8C97-2EE741F94A61}.Release|iPhoneSimulator.ActiveCfg = Release|Any CPU
		{D7B12195-9D5B-438E-8C97-2EE741F94A61}.Release|iPhoneSimulator.Build.0 = Release|Any CPU
		{D7B12195-9D5B-438E-8C97-2EE741F94A61}.Release|iPhoneSimulator.Deploy.0 = Release|Any CPU
		{D7B12195-9D5B-438E-8C97-2EE741F94A61}.Release|x64.ActiveCfg = Release|Any CPU
		{D7B12195-9D5B-438E-8C97-2EE741F94A61}.Release|x64.Build.0 = Release|Any CPU
		{D7B12195-9D5B-438E-8C97-2EE741F94A61}.Release|x64.Deploy.0 = Release|Any CPU
		{D7B12195-9D5B-438E-8C97-2EE741F94A61}.Release|x86.ActiveCfg = Release|Any CPU
		{D7B12195-9D5B-438E-8C97-2EE741F94A61}.Release|x86.Build.0 = Release|Any CPU
		{D7B12195-9D5B-438E-8C97-2EE741F94A61}.Release|x86.Deploy.0 = Release|Any CPU
	EndGlobalSection
	GlobalSection(SolutionProperties) = preSolution
		HideSolutionNode = FALSE
	EndGlobalSection
	GlobalSection(ExtensibilityGlobals) = postSolution
		SolutionGuid = {E9659728-B427-467B-B48A-305AAB537F59}
	EndGlobalSection
EndGlobal
