
Microsoft Visual Studio Solution File, Format Version 12.00
# Visual Studio Version 17
VisualStudioVersion = 17.10.34607.79
MinimumVisualStudioVersion = 10.0.40219.1
Project("{FAE04EC0-301F-11D3-BF4B-00C04F79EFBC}") = "Yandex.Taxi", "Yandex.Taxi\Yandex.Taxi.csproj", "{B9B270CC-480B-4162-9932-DF7253A2333E}"
EndProject
Project("{FAE04EC0-301F-11D3-BF4B-00C04F79EFBC}") = "Yandex.Runtime", "Yandex.Runtime\Yandex.Runtime.csproj", "{FE12783A-3725-4B0F-B5AD-338209CAA47E}"
EndProject
Project("{FAE04EC0-301F-11D3-BF4B-00C04F79EFBC}") = "LiveTileTask", "LiveTileTask\LiveTileTask.csproj", "{49821A79-B969-41CB-BABC-2817DEF34426}"
EndProject
Project("{FAE04EC0-301F-11D3-BF4B-00C04F79EFBC}") = "Yandex.MapKit", "Yandex.MapKit\Yandex.MapKit.csproj", "{010481FF-B6C7-4FE5-A5A7-0AECFE357636}"
EndProject
Project("{FAE04EC0-301F-11D3-BF4B-00C04F79EFBC}") = "Yandex.Maps.Recording", "Yandex.Maps.Recording\Yandex.Maps.Recording.csproj", "{A5000CEF-39CC-42B9-9E56-D68863A3641E}"
EndProject
Global
	GlobalSection(SolutionConfigurationPlatforms) = preSolution
		Debug|Any CPU = Debug|Any CPU
		Debug|ARM = Debug|ARM
		Debug|ARM64 = Debug|ARM64
		Debug|x64 = Debug|x64
		Debug|x86 = Debug|x86
		Release|Any CPU = Release|Any CPU
		Release|ARM = Release|ARM
		Release|ARM64 = Release|ARM64
		Release|x64 = Release|x64
		Release|x86 = Release|x86
	EndGlobalSection
	GlobalSection(ProjectConfigurationPlatforms) = postSolution
		{B9B270CC-480B-4162-9932-DF7253A2333E}.Debug|Any CPU.ActiveCfg = Debug|x64
		{B9B270CC-480B-4162-9932-DF7253A2333E}.Debug|Any CPU.Build.0 = Debug|x64
		{B9B270CC-480B-4162-9932-DF7253A2333E}.Debug|Any CPU.Deploy.0 = Debug|x64
		{B9B270CC-480B-4162-9932-DF7253A2333E}.Debug|ARM.ActiveCfg = Debug|ARM
		{B9B270CC-480B-4162-9932-DF7253A2333E}.Debug|ARM.Build.0 = Debug|ARM
		{B9B270CC-480B-4162-9932-DF7253A2333E}.Debug|ARM.Deploy.0 = Debug|ARM
		{B9B270CC-480B-4162-9932-DF7253A2333E}.Debug|ARM64.ActiveCfg = Debug|ARM64
		{B9B270CC-480B-4162-9932-DF7253A2333E}.Debug|ARM64.Build.0 = Debug|ARM64
		{B9B270CC-480B-4162-9932-DF7253A2333E}.Debug|ARM64.Deploy.0 = Debug|ARM64
		{B9B270CC-480B-4162-9932-DF7253A2333E}.Debug|x64.ActiveCfg = Debug|x64
		{B9B270CC-480B-4162-9932-DF7253A2333E}.Debug|x64.Build.0 = Debug|x64
		{B9B270CC-480B-4162-9932-DF7253A2333E}.Debug|x64.Deploy.0 = Debug|x64
		{B9B270CC-480B-4162-9932-DF7253A2333E}.Debug|x86.ActiveCfg = Debug|x86
		{B9B270CC-480B-4162-9932-DF7253A2333E}.Debug|x86.Build.0 = Debug|x86
		{B9B270CC-480B-4162-9932-DF7253A2333E}.Debug|x86.Deploy.0 = Debug|x86
		{B9B270CC-480B-4162-9932-DF7253A2333E}.Release|Any CPU.ActiveCfg = Release|x64
		{B9B270CC-480B-4162-9932-DF7253A2333E}.Release|Any CPU.Build.0 = Release|x64
		{B9B270CC-480B-4162-9932-DF7253A2333E}.Release|Any CPU.Deploy.0 = Release|x64
		{B9B270CC-480B-4162-9932-DF7253A2333E}.Release|ARM.ActiveCfg = Release|ARM
		{B9B270CC-480B-4162-9932-DF7253A2333E}.Release|ARM.Build.0 = Release|ARM
		{B9B270CC-480B-4162-9932-DF7253A2333E}.Release|ARM.Deploy.0 = Release|ARM
		{B9B270CC-480B-4162-9932-DF7253A2333E}.Release|ARM64.ActiveCfg = Release|ARM64
		{B9B270CC-480B-4162-9932-DF7253A2333E}.Release|ARM64.Build.0 = Release|ARM64
		{B9B270CC-480B-4162-9932-DF7253A2333E}.Release|ARM64.Deploy.0 = Release|ARM64
		{B9B270CC-480B-4162-9932-DF7253A2333E}.Release|x64.ActiveCfg = Release|x64
		{B9B270CC-480B-4162-9932-DF7253A2333E}.Release|x64.Build.0 = Release|x64
		{B9B270CC-480B-4162-9932-DF7253A2333E}.Release|x64.Deploy.0 = Release|x64
		{B9B270CC-480B-4162-9932-DF7253A2333E}.Release|x86.ActiveCfg = Release|x86
		{B9B270CC-480B-4162-9932-DF7253A2333E}.Release|x86.Build.0 = Release|x86
		{B9B270CC-480B-4162-9932-DF7253A2333E}.Release|x86.Deploy.0 = Release|x86
		{FE12783A-3725-4B0F-B5AD-338209CAA47E}.Debug|Any CPU.ActiveCfg = Debug|x64
		{FE12783A-3725-4B0F-B5AD-338209CAA47E}.Debug|Any CPU.Build.0 = Debug|x64
		{FE12783A-3725-4B0F-B5AD-338209CAA47E}.Debug|Any CPU.Deploy.0 = Debug|x64
		{FE12783A-3725-4B0F-B5AD-338209CAA47E}.Debug|ARM.ActiveCfg = Debug|ARM
		{FE12783A-3725-4B0F-B5AD-338209CAA47E}.Debug|ARM.Build.0 = Debug|ARM
		{FE12783A-3725-4B0F-B5AD-338209CAA47E}.Debug|ARM.Deploy.0 = Debug|ARM
		{FE12783A-3725-4B0F-B5AD-338209CAA47E}.Debug|ARM64.ActiveCfg = Debug|ARM64
		{FE12783A-3725-4B0F-B5AD-338209CAA47E}.Debug|ARM64.Build.0 = Debug|ARM64
		{FE12783A-3725-4B0F-B5AD-338209CAA47E}.Debug|ARM64.Deploy.0 = Debug|ARM64
		{FE12783A-3725-4B0F-B5AD-338209CAA47E}.Debug|x64.ActiveCfg = Debug|x64
		{FE12783A-3725-4B0F-B5AD-338209CAA47E}.Debug|x64.Build.0 = Debug|x64
		{FE12783A-3725-4B0F-B5AD-338209CAA47E}.Debug|x64.Deploy.0 = Debug|x64
		{FE12783A-3725-4B0F-B5AD-338209CAA47E}.Debug|x86.ActiveCfg = Debug|x86
		{FE12783A-3725-4B0F-B5AD-338209CAA47E}.Debug|x86.Build.0 = Debug|x86
		{FE12783A-3725-4B0F-B5AD-338209CAA47E}.Debug|x86.Deploy.0 = Debug|x86
		{FE12783A-3725-4B0F-B5AD-338209CAA47E}.Release|Any CPU.ActiveCfg = Release|x64
		{FE12783A-3725-4B0F-B5AD-338209CAA47E}.Release|Any CPU.Build.0 = Release|x64
		{FE12783A-3725-4B0F-B5AD-338209CAA47E}.Release|Any CPU.Deploy.0 = Release|x64
		{FE12783A-3725-4B0F-B5AD-338209CAA47E}.Release|ARM.ActiveCfg = Release|ARM
		{FE12783A-3725-4B0F-B5AD-338209CAA47E}.Release|ARM.Build.0 = Release|ARM
		{FE12783A-3725-4B0F-B5AD-338209CAA47E}.Release|ARM.Deploy.0 = Release|ARM
		{FE12783A-3725-4B0F-B5AD-338209CAA47E}.Release|ARM64.ActiveCfg = Release|ARM64
		{FE12783A-3725-4B0F-B5AD-338209CAA47E}.Release|ARM64.Build.0 = Release|ARM64
		{FE12783A-3725-4B0F-B5AD-338209CAA47E}.Release|ARM64.Deploy.0 = Release|ARM64
		{FE12783A-3725-4B0F-B5AD-338209CAA47E}.Release|x64.ActiveCfg = Release|x64
		{FE12783A-3725-4B0F-B5AD-338209CAA47E}.Release|x64.Build.0 = Release|x64
		{FE12783A-3725-4B0F-B5AD-338209CAA47E}.Release|x64.Deploy.0 = Release|x64
		{FE12783A-3725-4B0F-B5AD-338209CAA47E}.Release|x86.ActiveCfg = Release|x86
		{FE12783A-3725-4B0F-B5AD-338209CAA47E}.Release|x86.Build.0 = Release|x86
		{FE12783A-3725-4B0F-B5AD-338209CAA47E}.Release|x86.Deploy.0 = Release|x86
		{49821A79-B969-41CB-BABC-2817DEF34426}.Debug|Any CPU.ActiveCfg = Debug|Any CPU
		{49821A79-B969-41CB-BABC-2817DEF34426}.Debug|Any CPU.Build.0 = Debug|Any CPU
		{49821A79-B969-41CB-BABC-2817DEF34426}.Debug|ARM.ActiveCfg = Debug|ARM
		{49821A79-B969-41CB-BABC-2817DEF34426}.Debug|ARM.Build.0 = Debug|ARM
		{49821A79-B969-41CB-BABC-2817DEF34426}.Debug|ARM64.ActiveCfg = Debug|ARM64
		{49821A79-B969-41CB-BABC-2817DEF34426}.Debug|ARM64.Build.0 = Debug|ARM64
		{49821A79-B969-41CB-BABC-2817DEF34426}.Debug|x64.ActiveCfg = Debug|x64
		{49821A79-B969-41CB-BABC-2817DEF34426}.Debug|x64.Build.0 = Debug|x64
		{49821A79-B969-41CB-BABC-2817DEF34426}.Debug|x86.ActiveCfg = Debug|x86
		{49821A79-B969-41CB-BABC-2817DEF34426}.Debug|x86.Build.0 = Debug|x86
		{49821A79-B969-41CB-BABC-2817DEF34426}.Release|Any CPU.ActiveCfg = Release|Any CPU
		{49821A79-B969-41CB-BABC-2817DEF34426}.Release|Any CPU.Build.0 = Release|Any CPU
		{49821A79-B969-41CB-BABC-2817DEF34426}.Release|ARM.ActiveCfg = Release|ARM
		{49821A79-B969-41CB-BABC-2817DEF34426}.Release|ARM.Build.0 = Release|ARM
		{49821A79-B969-41CB-BABC-2817DEF34426}.Release|ARM64.ActiveCfg = Release|ARM64
		{49821A79-B969-41CB-BABC-2817DEF34426}.Release|ARM64.Build.0 = Release|ARM64
		{49821A79-B969-41CB-BABC-2817DEF34426}.Release|x64.ActiveCfg = Release|x64
		{49821A79-B969-41CB-BABC-2817DEF34426}.Release|x64.Build.0 = Release|x64
		{49821A79-B969-41CB-BABC-2817DEF34426}.Release|x86.ActiveCfg = Release|x86
		{49821A79-B969-41CB-BABC-2817DEF34426}.Release|x86.Build.0 = Release|x86
		{010481FF-B6C7-4FE5-A5A7-0AECFE357636}.Debug|Any CPU.ActiveCfg = Debug|Any CPU
		{010481FF-B6C7-4FE5-A5A7-0AECFE357636}.Debug|Any CPU.Build.0 = Debug|Any CPU
		{010481FF-B6C7-4FE5-A5A7-0AECFE357636}.Debug|ARM.ActiveCfg = Debug|ARM
		{010481FF-B6C7-4FE5-A5A7-0AECFE357636}.Debug|ARM.Build.0 = Debug|ARM
		{010481FF-B6C7-4FE5-A5A7-0AECFE357636}.Debug|ARM64.ActiveCfg = Debug|ARM64
		{010481FF-B6C7-4FE5-A5A7-0AECFE357636}.Debug|ARM64.Build.0 = Debug|ARM64
		{010481FF-B6C7-4FE5-A5A7-0AECFE357636}.Debug|x64.ActiveCfg = Debug|x64
		{010481FF-B6C7-4FE5-A5A7-0AECFE357636}.Debug|x64.Build.0 = Debug|x64
		{010481FF-B6C7-4FE5-A5A7-0AECFE357636}.Debug|x86.ActiveCfg = Debug|x86
		{010481FF-B6C7-4FE5-A5A7-0AECFE357636}.Debug|x86.Build.0 = Debug|x86
		{010481FF-B6C7-4FE5-A5A7-0AECFE357636}.Release|Any CPU.ActiveCfg = Release|Any CPU
		{010481FF-B6C7-4FE5-A5A7-0AECFE357636}.Release|Any CPU.Build.0 = Release|Any CPU
		{010481FF-B6C7-4FE5-A5A7-0AECFE357636}.Release|ARM.ActiveCfg = Release|ARM
		{010481FF-B6C7-4FE5-A5A7-0AECFE357636}.Release|ARM.Build.0 = Release|ARM
		{010481FF-B6C7-4FE5-A5A7-0AECFE357636}.Release|ARM64.ActiveCfg = Release|ARM64
		{010481FF-B6C7-4FE5-A5A7-0AECFE357636}.Release|ARM64.Build.0 = Release|ARM64
		{010481FF-B6C7-4FE5-A5A7-0AECFE357636}.Release|x64.ActiveCfg = Release|x64
		{010481FF-B6C7-4FE5-A5A7-0AECFE357636}.Release|x64.Build.0 = Release|x64
		{010481FF-B6C7-4FE5-A5A7-0AECFE357636}.Release|x86.ActiveCfg = Release|x86
		{010481FF-B6C7-4FE5-A5A7-0AECFE357636}.Release|x86.Build.0 = Release|x86
		{A5000CEF-39CC-42B9-9E56-D68863A3641E}.Debug|Any CPU.ActiveCfg = Debug|Any CPU
		{A5000CEF-39CC-42B9-9E56-D68863A3641E}.Debug|Any CPU.Build.0 = Debug|Any CPU
		{A5000CEF-39CC-42B9-9E56-D68863A3641E}.Debug|ARM.ActiveCfg = Debug|ARM
		{A5000CEF-39CC-42B9-9E56-D68863A3641E}.Debug|ARM.Build.0 = Debug|ARM
		{A5000CEF-39CC-42B9-9E56-D68863A3641E}.Debug|ARM64.ActiveCfg = Debug|ARM64
		{A5000CEF-39CC-42B9-9E56-D68863A3641E}.Debug|ARM64.Build.0 = Debug|ARM64
		{A5000CEF-39CC-42B9-9E56-D68863A3641E}.Debug|x64.ActiveCfg = Debug|x64
		{A5000CEF-39CC-42B9-9E56-D68863A3641E}.Debug|x64.Build.0 = Debug|x64
		{A5000CEF-39CC-42B9-9E56-D68863A3641E}.Debug|x86.ActiveCfg = Debug|x86
		{A5000CEF-39CC-42B9-9E56-D68863A3641E}.Debug|x86.Build.0 = Debug|x86
		{A5000CEF-39CC-42B9-9E56-D68863A3641E}.Release|Any CPU.ActiveCfg = Release|Any CPU
		{A5000CEF-39CC-42B9-9E56-D68863A3641E}.Release|Any CPU.Build.0 = Release|Any CPU
		{A5000CEF-39CC-42B9-9E56-D68863A3641E}.Release|ARM.ActiveCfg = Release|ARM
		{A5000CEF-39CC-42B9-9E56-D68863A3641E}.Release|ARM.Build.0 = Release|ARM
		{A5000CEF-39CC-42B9-9E56-D68863A3641E}.Release|ARM64.ActiveCfg = Release|ARM64
		{A5000CEF-39CC-42B9-9E56-D68863A3641E}.Release|ARM64.Build.0 = Release|ARM64
		{A5000CEF-39CC-42B9-9E56-D68863A3641E}.Release|x64.ActiveCfg = Release|x64
		{A5000CEF-39CC-42B9-9E56-D68863A3641E}.Release|x64.Build.0 = Release|x64
		{A5000CEF-39CC-42B9-9E56-D68863A3641E}.Release|x86.ActiveCfg = Release|x86
		{A5000CEF-39CC-42B9-9E56-D68863A3641E}.Release|x86.Build.0 = Release|x86
	EndGlobalSection
	GlobalSection(SolutionProperties) = preSolution
		HideSolutionNode = FALSE
	EndGlobalSection
	GlobalSection(ExtensibilityGlobals) = postSolution
		SolutionGuid = {240BEA20-FB82-48F6-AEA1-9C5865005D1C}
	EndGlobalSection
EndGlobal
